<?xml version="1.0" encoding="utf-8"?>
<Project ToolsVersion="4.0" xmlns="http://schemas.microsoft.com/developer/msbuild/2003">
  <ItemGroup>
    <Filter Include="Source Files">
      <UniqueIdentifier>{4FC737F1-C7A5-4376-A066-2A32D752A2FF}</UniqueIdentifier>
      <Extensions>cpp;c;cc;cxx;c++;cppm;ixx;def;odl;idl;hpj;bat;asm;asmx</Extensions>
    </Filter>
    <Filter Include="Header Files">
      <UniqueIdentifier>{93995380-89BD-4b04-88EB-625FBE52EBFB}</UniqueIdentifier>
      <Extensions>h;hh;hpp;hxx;h++;hm;inl;inc;ipp;xsd</Extensions>
    </Filter>
    <Filter Include="Resource Files">
      <UniqueIdentifier>{67DA6AB6-F800-4c08-8B7A-83BB121AAD01}</UniqueIdentifier>
      <Extensions>rc;ico;cur;bmp;dlg;rc2;rct;bin;rgs;gif;jpg;jpeg;jpe;resx;tiff;tif;png;wav;mfcribbon-ms</Extensions>
    </Filter>
    <Filter Include="Resource Files\fonts">
      <UniqueIdentifier>{0814e398-5b69-4019-b70c-cc085794177a}</UniqueIdentifier>
    </Filter>
    <Filter Include="thirdparty">
      <UniqueIdentifier>{8f1b87d8-e904-4b39-a5df-9e4aecf7d669}</UniqueIdentifier>
    </Filter>
    <Filter Include="thirdparty\bin">
      <UniqueIdentifier>{db43de5d-2942-4672-a4b9-d9336853ee95}</UniqueIdentifier>
    </Filter>
  </ItemGroup>
  <ItemGroup>
    <Image Include="assets\evilfuckingskeleton.png">
      <Filter>Resource Files</Filter>
    </Image>
    <Image Include="assets\tyler1.png">
      <Filter>Resource Files</Filter>
    </Image>
  </ItemGroup>
  <ItemGroup>
    <ClCompile Include="src\Celestial.cpp">
      <Filter>Source Files</Filter>
    </ClCompile>
    <ClCompile Include="src\Game.cpp">
      <Filter>Source Files</Filter>
    </ClCompile>
    <ClCompile Include="src\TextureManager.cpp">
      <Filter>Source Files</Filter>
    </ClCompile>
    <ClCompile Include="src\ECS\SpriteComponent.cpp">
      <Filter>Source Files</Filter>
    </ClCompile>
    <ClCompile Include="src\ECS\TextComponent.cpp">
      <Filter>Source Files</Filter>
    </ClCompile>
    <ClCompile Include="src\ECS\TextureComponent.cpp">
      <Filter>Source Files</Filter>
    </ClCompile>
    <ClCompile Include="src\utils\Vector2_double.cpp">
      <Filter>Source Files</Filter>
    </ClCompile>
    <ClCompile Include="src\ECS\KeyBoardController.cpp">
      <Filter>Source Files</Filter>
    </ClCompile>
    <ClCompile Include="src\ECS\ECS.cpp">
      <Filter>Source Files</Filter>
    </ClCompile>
    <ClCompile Include="src\utils\Vector3_double.cpp">
      <Filter>Source Files</Filter>
    </ClCompile>
    <ClCompile Include="src\ECS\CircleComponent.cpp">
      <Filter>Source Files</Filter>
    </ClCompile>
    <ClCompile Include="src\ECS\FilledCircleComponent.cpp">
      <Filter>Source Files</Filter>
    </ClCompile>
  </ItemGroup>
  <ItemGroup>
    <Font Include="assets\font\seguisli.ttf">
      <Filter>Resource Files\fonts</Filter>
    </Font>
    <Font Include="assets\font\segoeui.ttf">
      <Filter>Resource Files\fonts</Filter>
    </Font>
    <Font Include="assets\font\segoeuib.ttf">
      <Filter>Resource Files\fonts</Filter>
    </Font>
    <Font Include="assets\font\segoeuii.ttf">
      <Filter>Resource Files\fonts</Filter>
    </Font>
    <Font Include="assets\font\segoeuil.ttf">
      <Filter>Resource Files\fonts</Filter>
    </Font>
    <Font Include="assets\font\segoeuisl.ttf">
      <Filter>Resource Files\fonts</Filter>
    </Font>
    <Font Include="assets\font\segoeuiz.ttf">
      <Filter>Resource Files\fonts</Filter>
    </Font>
    <Font Include="assets\font\seguibl.ttf">
      <Filter>Resource Files\fonts</Filter>
    </Font>
    <Font Include="assets\font\seguibli.ttf">
      <Filter>Resource Files\fonts</Filter>
    </Font>
    <Font Include="assets\font\seguili.ttf">
      <Filter>Resource Files\fonts</Filter>
    </Font>
    <Font Include="assets\font\seguisb.ttf">
      <Filter>Resource Files\fonts</Filter>
    </Font>
    <Font Include="assets\font\seguisbi.ttf">
      <Filter>Resource Files\fonts</Filter>
    </Font>
  </ItemGroup>
  <ItemGroup>
    <None Include="TODO.md" />
    <None Include="thirdparty\bin\SDL3.dll">
      <Filter>thirdparty\bin</Filter>
    </None>
    <None Include="thirdparty\bin\SDL3_image.dll">
      <Filter>thirdparty\bin</Filter>
    </None>
    <None Include="thirdparty\bin\SDL3_ttf.dll">
      <Filter>thirdparty\bin</Filter>
    </None>
  </ItemGroup>
  <ItemGroup>
    <ClInclude Include="include\ECS\ECS.h">
      <Filter>Header Files</Filter>
    </ClInclude>
    <ClInclude Include="include\Game.h">
      <Filter>Header Files</Filter>
    </ClInclude>
    <ClInclude Include="include\TextureManager.h">
      <Filter>Header Files</Filter>
    </ClInclude>
    <ClInclude Include="include\ECS\Components.h">
      <Filter>Header Files</Filter>
    </ClInclude>
    <ClInclude Include="include\ECS\TransformComponent.h">
      <Filter>Header Files</Filter>
    </ClInclude>
    <ClInclude Include="include\ECS\SpriteComponent.h">
      <Filter>Header Files</Filter>
    </ClInclude>
    <ClInclude Include="include\ECS\TextComponent.h">
      <Filter>Header Files</Filter>
    </ClInclude>
    <ClInclude Include="include\ECS\TextureComponent.h">
      <Filter>Header Files</Filter>
    </ClInclude>
    <ClInclude Include="include\utils\Vector2_double.h">
      <Filter>Header Files</Filter>
    </ClInclude>
    <ClInclude Include="include\ECS\KeyboardController.h">
      <Filter>Header Files</Filter>
    </ClInclude>
    <ClInclude Include="include\utils\Vector3_double.h">
      <Filter>Header Files</Filter>
    </ClInclude>
    <ClInclude Include="include\utils\Vector2.h">
      <Filter>Header Files</Filter>
    </ClInclude>
    <ClInclude Include="include\ECS\CircleComponent.h">
      <Filter>Header Files</Filter>
    </ClInclude>
    <ClInclude Include="include\ECS\FilledCircleComponent.h">
      <Filter>Header Files</Filter>
    </ClInclude>
  </ItemGroup>
  <ItemGroup>
    <Text Include="requirements.txt" />
  </ItemGroup>
</Project>